
Microsoft Visual Studio Solution File, Format Version 12.00
# Visual Studio Version 16
VisualStudioVersion = 16.0.30804.86
MinimumVisualStudioVersion = 10.0.40219.1
Project("{FAE04EC0-301F-11D3-BF4B-00C04F79EFBC}") = "LaTeX-auto-exam-builder", "LaTeX-auto-exam-builder\LaTeX-auto-exam-builder.csproj", "{C8FD104A-BF3B-4AA0-9427-990AA98A5D82}"
EndProject
Project("{FAE04EC0-301F-11D3-BF4B-00C04F79EFBC}") = "LaTeX-auto-exam-builder-console-application", "LaTeX-auto-exam-builder-console-application\LaTeX-auto-exam-builder-console-application.csproj", "{81AF832D-E71C-4FFD-96A2-0F3F61BCBCF8}"
EndProject
Global
	GlobalSection(SolutionConfigurationPlatforms) = preSolution
		Debug|Any CPU = Debug|Any CPU
		Release|Any CPU = Release|Any CPU
	EndGlobalSection
	GlobalSection(ProjectConfigurationPlatforms) = postSolution
		{C8FD104A-BF3B-4AA0-9427-990AA98A5D82}.Debug|Any CPU.ActiveCfg = Debug|Any CPU
		{C8FD104A-BF3B-4AA0-9427-990AA98A5D82}.Debug|Any CPU.Build.0 = Debug|Any CPU
		{C8FD104A-BF3B-4AA0-9427-990AA98A5D82}.Release|Any CPU.ActiveCfg = Release|Any CPU
		{C8FD104A-BF3B-4AA0-9427-990AA98A5D82}.Release|Any CPU.Build.0 = Release|Any CPU
		{81AF832D-E71C-4FFD-96A2-0F3F61BCBCF8}.Debug|Any CPU.ActiveCfg = Debug|Any CPU
		{81AF832D-E71C-4FFD-96A2-0F3F61BCBCF8}.Debug|Any CPU.Build.0 = Debug|Any CPU
		{81AF832D-E71C-4FFD-96A2-0F3F61BCBCF8}.Release|Any CPU.ActiveCfg = Release|Any CPU
		{81AF832D-E71C-4FFD-96A2-0F3F61BCBCF8}.Release|Any CPU.Build.0 = Release|Any CPU
	EndGlobalSection
	GlobalSection(SolutionProperties) = preSolution
		HideSolutionNode = FALSE
	EndGlobalSection
	GlobalSection(ExtensibilityGlobals) = postSolution
		SolutionGuid = {92C7CCC7-73CD-487E-9FAF-878B93D6C1EA}
	EndGlobalSection
EndGlobal
